
Microsoft Visual Studio Solution File, Format Version 12.00
# Visual Studio Version 17
VisualStudioVersion = 17.10.35122.118
MinimumVisualStudioVersion = 10.0.40219.1
Project("{FAE04EC0-301F-11D3-BF4B-00C04F79EFBC}") = "MeetingApp", "MeetingApp.csproj", "{7FA84ADD-2B2C-4BFC-B75B-2DB32747C8E8}"
EndProject
Global
	GlobalSection(SolutionConfigurationPlatforms) = preSolution
		Debug|Any CPU = Debug|Any CPU
		Release|Any CPU = Release|Any CPU
	EndGlobalSection
	GlobalSection(ProjectConfigurationPlatforms) = postSolution
		{7FA84ADD-2B2C-4BFC-B75B-2DB32747C8E8}.Debug|Any CPU.ActiveCfg = Debug|Any CPU
		{7FA84ADD-2B2C-4BFC-B75B-2DB32747C8E8}.Debug|Any CPU.Build.0 = Debug|Any CPU
		{7FA84ADD-2B2C-4BFC-B75B-2DB32747C8E8}.Release|Any CPU.ActiveCfg = Release|Any CPU
		{7FA84ADD-2B2C-4BFC-B75B-2DB32747C8E8}.Release|Any CPU.Build.0 = Release|Any CPU
	EndGlobalSection
	GlobalSection(SolutionProperties) = preSolution
		HideSolutionNode = FALSE
	EndGlobalSection
	GlobalSection(ExtensibilityGlobals) = postSolution
		SolutionGuid = {FD79A9A2-B0CF-4365-8C61-440F1281133C}
	EndGlobalSection
EndGlobal
